
Microsoft Visual Studio Solution File, Format Version 12.00
# Visual Studio Version 17
VisualStudioVersion = 17.0.31903.59
MinimumVisualStudioVersion = 10.0.40219.1
Project("{FAE04EC0-301F-11D3-BF4B-00C04F79EFBC}") = "FlightStatus.Api", "FlightStatus.Api\FlightStatus.Api.csproj", "{AC842B88-024F-441D-A5F1-F4CB3570FB21}"
EndProject
Project("{FAE04EC0-301F-11D3-BF4B-00C04F79EFBC}") = "FlightStatus.Tests", "FlightStatus.Tests\FlightStatus.Tests.csproj", "{FBD8ADD6-6E65-4505-AFDD-0F6438B87DF8}"
EndProject
Global
	GlobalSection(SolutionConfigurationPlatforms) = preSolution
		Debug|Any CPU = Debug|Any CPU
		Debug|x64 = Debug|x64
		Debug|x86 = Debug|x86
		Release|Any CPU = Release|Any CPU
		Release|x64 = Release|x64
		Release|x86 = Release|x86
	EndGlobalSection
	GlobalSection(ProjectConfigurationPlatforms) = postSolution
		{AC842B88-024F-441D-A5F1-F4CB3570FB21}.Debug|Any CPU.ActiveCfg = Debug|Any CPU
		{AC842B88-024F-441D-A5F1-F4CB3570FB21}.Debug|Any CPU.Build.0 = Debug|Any CPU
		{AC842B88-024F-441D-A5F1-F4CB3570FB21}.Debug|x64.ActiveCfg = Debug|Any CPU
		{AC842B88-024F-441D-A5F1-F4CB3570FB21}.Debug|x64.Build.0 = Debug|Any CPU
		{AC842B88-024F-441D-A5F1-F4CB3570FB21}.Debug|x86.ActiveCfg = Debug|Any CPU
		{AC842B88-024F-441D-A5F1-F4CB3570FB21}.Debug|x86.Build.0 = Debug|Any CPU
		{AC842B88-024F-441D-A5F1-F4CB3570FB21}.Release|Any CPU.ActiveCfg = Release|Any CPU
		{AC842B88-024F-441D-A5F1-F4CB3570FB21}.Release|Any CPU.Build.0 = Release|Any CPU
		{AC842B88-024F-441D-A5F1-F4CB3570FB21}.Release|x64.ActiveCfg = Release|Any CPU
		{AC842B88-024F-441D-A5F1-F4CB3570FB21}.Release|x64.Build.0 = Release|Any CPU
		{AC842B88-024F-441D-A5F1-F4CB3570FB21}.Release|x86.ActiveCfg = Release|Any CPU
		{AC842B88-024F-441D-A5F1-F4CB3570FB21}.Release|x86.Build.0 = Release|Any CPU
		{FBD8ADD6-6E65-4505-AFDD-0F6438B87DF8}.Debug|Any CPU.ActiveCfg = Debug|Any CPU
		{FBD8ADD6-6E65-4505-AFDD-0F6438B87DF8}.Debug|Any CPU.Build.0 = Debug|Any CPU
		{FBD8ADD6-6E65-4505-AFDD-0F6438B87DF8}.Debug|x64.ActiveCfg = Debug|Any CPU
		{FBD8ADD6-6E65-4505-AFDD-0F6438B87DF8}.Debug|x64.Build.0 = Debug|Any CPU
		{FBD8ADD6-6E65-4505-AFDD-0F6438B87DF8}.Debug|x86.ActiveCfg = Debug|Any CPU
		{FBD8ADD6-6E65-4505-AFDD-0F6438B87DF8}.Debug|x86.Build.0 = Debug|Any CPU
		{FBD8ADD6-6E65-4505-AFDD-0F6438B87DF8}.Release|Any CPU.ActiveCfg = Release|Any CPU
		{FBD8ADD6-6E65-4505-AFDD-0F6438B87DF8}.Release|Any CPU.Build.0 = Release|Any CPU
		{FBD8ADD6-6E65-4505-AFDD-0F6438B87DF8}.Release|x64.ActiveCfg = Release|Any CPU
		{FBD8ADD6-6E65-4505-AFDD-0F6438B87DF8}.Release|x64.Build.0 = Release|Any CPU
		{FBD8ADD6-6E65-4505-AFDD-0F6438B87DF8}.Release|x86.ActiveCfg = Release|Any CPU
		{FBD8ADD6-6E65-4505-AFDD-0F6438B87DF8}.Release|x86.Build.0 = Release|Any CPU
	EndGlobalSection
	GlobalSection(SolutionProperties) = preSolution
		HideSolutionNode = FALSE
	EndGlobalSection
	GlobalSection(ExtensibilityGlobals) = postSolution
		SolutionGuid = {3C71FB9D-C285-46C2-BB54-E8934D77B5EB}
	EndGlobalSection
EndGlobal
